// !$*UTF8*$!
{
	archiveVersion = 1;
	classes = {
	};
	objectVersion = 50;
	objects = {

/* Begin PBXBuildFile section */
		2757336C2112D0AF00C34EA3 /* AppDelegate.swift in Sources */ = {isa = PBXBuildFile; fileRef = 2757336B2112D0AF00C34EA3 /* AppDelegate.swift */; };
		2757336E2112D0AF00C34EA3 /* ViewController.swift in Sources */ = {isa = PBXBuildFile; fileRef = 2757336D2112D0AF00C34EA3 /* ViewController.swift */; };
		275733712112D0AF00C34EA3 /* Main.storyboard in Resources */ = {isa = PBXBuildFile; fileRef = 2757336F2112D0AF00C34EA3 /* Main.storyboard */; };
		275733732112D0B100C34EA3 /* Assets.xcassets in Resources */ = {isa = PBXBuildFile; fileRef = 275733722112D0B100C34EA3 /* Assets.xcassets */; };
		275733762112D0B100C34EA3 /* LaunchScreen.storyboard in Resources */ = {isa = PBXBuildFile; fileRef = 275733742112D0B100C34EA3 /* LaunchScreen.storyboard */; };
		275733812112D0B100C34EA3 /* TumblrTests.swift in Sources */ = {isa = PBXBuildFile; fileRef = 275733802112D0B100C34EA3 /* TumblrTests.swift */; };
		2757338C2112D0B100C34EA3 /* TumblrUITests.swift in Sources */ = {isa = PBXBuildFile; fileRef = 2757338B2112D0B100C34EA3 /* TumblrUITests.swift */; };
		2757339A2112F02600C34EA3 /* PosterCell.swift in Sources */ = {isa = PBXBuildFile; fileRef = 275733992112F02600C34EA3 /* PosterCell.swift */; };
		27761ACB2113F8190090F8D1 /* DetailsViewController.swift in Sources */ = {isa = PBXBuildFile; fileRef = 27761ACA2113F8190090F8D1 /* DetailsViewController.swift */; };
		2D14A0F30D893E6ABEE925CF /* Pods_Tumblr.framework in Frameworks */ = {isa = PBXBuildFile; fileRef = 7CAFDEA07C690D4922079DE4 /* Pods_Tumblr.framework */; };
		6DB75E2BABF955B119E996B3 /* Pods_TumblrTests.framework in Frameworks */ = {isa = PBXBuildFile; fileRef = B33A15C5C8F076665409406F /* Pods_TumblrTests.framework */; };
		E9091F89A3EC9D8419977C6B /* Pods_TumblrUITests.framework in Frameworks */ = {isa = PBXBuildFile; fileRef = 7D0B74CED665D42BF241FFB6 /* Pods_TumblrUITests.framework */; };
/* End PBXBuildFile section */

/* Begin PBXContainerItemProxy section */
		2757337D2112D0B100C34EA3 /* PBXContainerItemProxy */ = {
			isa = PBXContainerItemProxy;
			containerPortal = 275733602112D0AF00C34EA3 /* Project object */;
			proxyType = 1;
			remoteGlobalIDString = 275733672112D0AF00C34EA3;
			remoteInfo = Tumblr;
		};
		275733882112D0B100C34EA3 /* PBXContainerItemProxy */ = {
			isa = PBXContainerItemProxy;
			containerPortal = 275733602112D0AF00C34EA3 /* Project object */;
			proxyType = 1;
			remoteGlobalIDString = 275733672112D0AF00C34EA3;
			remoteInfo = Tumblr;
		};
/* End PBXContainerItemProxy section */

/* Begin PBXFileReference section */
		062AAE959E7F60C28C7F0A1C /* Pods-Tumblr.debug.xcconfig */ = {isa = PBXFileReference; includeInIndex = 1; lastKnownFileType = text.xcconfig; name = "Pods-Tumblr.debug.xcconfig"; path = "Pods/Target Support Files/Pods-Tumblr/Pods-Tumblr.debug.xcconfig"; sourceTree = "<group>"; };
		275733682112D0AF00C34EA3 /* Tumblr.app */ = {isa = PBXFileReference; explicitFileType = wrapper.application; includeInIndex = 0; path = Tumblr.app; sourceTree = BUILT_PRODUCTS_DIR; };
		2757336B2112D0AF00C34EA3 /* AppDelegate.swift */ = {isa = PBXFileReference; lastKnownFileType = sourcecode.swift; path = AppDelegate.swift; sourceTree = "<group>"; };
		2757336D2112D0AF00C34EA3 /* ViewController.swift */ = {isa = PBXFileReference; lastKnownFileType = sourcecode.swift; path = ViewController.swift; sourceTree = "<group>"; };
		275733702112D0AF00C34EA3 /* Base */ = {isa = PBXFileReference; lastKnownFileType = file.storyboard; name = Base; path = Base.lproj/Main.storyboard; sourceTree = "<group>"; };
		275733722112D0B100C34EA3 /* Assets.xcassets */ = {isa = PBXFileReference; lastKnownFileType = folder.assetcatalog; path = Assets.xcassets; sourceTree = "<group>"; };
		275733752112D0B100C34EA3 /* Base */ = {isa = PBXFileReference; lastKnownFileType = file.storyboard; name = Base; path = Base.lproj/LaunchScreen.storyboard; sourceTree = "<group>"; };
		275733772112D0B100C34EA3 /* Info.plist */ = {isa = PBXFileReference; lastKnownFileType = text.plist.xml; path = Info.plist; sourceTree = "<group>"; };
		2757337C2112D0B100C34EA3 /* TumblrTests.xctest */ = {isa = PBXFileReference; explicitFileType = wrapper.cfbundle; includeInIndex = 0; path = TumblrTests.xctest; sourceTree = BUILT_PRODUCTS_DIR; };
		275733802112D0B100C34EA3 /* TumblrTests.swift */ = {isa = PBXFileReference; lastKnownFileType = sourcecode.swift; path = TumblrTests.swift; sourceTree = "<group>"; };
		275733822112D0B100C34EA3 /* Info.plist */ = {isa = PBXFileReference; lastKnownFileType = text.plist.xml; path = Info.plist; sourceTree = "<group>"; };
		275733872112D0B100C34EA3 /* TumblrUITests.xctest */ = {isa = PBXFileReference; explicitFileType = wrapper.cfbundle; includeInIndex = 0; path = TumblrUITests.xctest; sourceTree = BUILT_PRODUCTS_DIR; };
		2757338B2112D0B100C34EA3 /* TumblrUITests.swift */ = {isa = PBXFileReference; lastKnownFileType = sourcecode.swift; path = TumblrUITests.swift; sourceTree = "<group>"; };
		2757338D2112D0B100C34EA3 /* Info.plist */ = {isa = PBXFileReference; lastKnownFileType = text.plist.xml; path = Info.plist; sourceTree = "<group>"; };
		275733992112F02600C34EA3 /* PosterCell.swift */ = {isa = PBXFileReference; lastKnownFileType = sourcecode.swift; path = PosterCell.swift; sourceTree = "<group>"; };
		27761ACA2113F8190090F8D1 /* DetailsViewController.swift */ = {isa = PBXFileReference; lastKnownFileType = sourcecode.swift; path = DetailsViewController.swift; sourceTree = "<group>"; };
		28204EB5EE56164048AD326F /* Pods-TumblrUITests.debug.xcconfig */ = {isa = PBXFileReference; includeInIndex = 1; lastKnownFileType = text.xcconfig; name = "Pods-TumblrUITests.debug.xcconfig"; path = "Pods/Target Support Files/Pods-TumblrUITests/Pods-TumblrUITests.debug.xcconfig"; sourceTree = "<group>"; };
		2D354C83DC3B1E61485E770E /* Pods-TumblrTests.debug.xcconfig */ = {isa = PBXFileReference; includeInIndex = 1; lastKnownFileType = text.xcconfig; name = "Pods-TumblrTests.debug.xcconfig"; path = "Pods/Target Support Files/Pods-TumblrTests/Pods-TumblrTests.debug.xcconfig"; sourceTree = "<group>"; };
		7CAFDEA07C690D4922079DE4 /* Pods_Tumblr.framework */ = {isa = PBXFileReference; explicitFileType = wrapper.framework; includeInIndex = 0; path = Pods_Tumblr.framework; sourceTree = BUILT_PRODUCTS_DIR; };
		7D0B74CED665D42BF241FFB6 /* Pods_TumblrUITests.framework */ = {isa = PBXFileReference; explicitFileType = wrapper.framework; includeInIndex = 0; path = Pods_TumblrUITests.framework; sourceTree = BUILT_PRODUCTS_DIR; };
		90777F56852219474740FF17 /* Pods-TumblrUITests.release.xcconfig */ = {isa = PBXFileReference; includeInIndex = 1; lastKnownFileType = text.xcconfig; name = "Pods-TumblrUITests.release.xcconfig"; path = "Pods/Target Support Files/Pods-TumblrUITests/Pods-TumblrUITests.release.xcconfig"; sourceTree = "<group>"; };
		969ADE1292DDF365B1C9CF11 /* Pods-TumblrTests.release.xcconfig */ = {isa = PBXFileReference; includeInIndex = 1; lastKnownFileType = text.xcconfig; name = "Pods-TumblrTests.release.xcconfig"; path = "Pods/Target Support Files/Pods-TumblrTests/Pods-TumblrTests.release.xcconfig"; sourceTree = "<group>"; };
		B33A15C5C8F076665409406F /* Pods_TumblrTests.framework */ = {isa = PBXFileReference; explicitFileType = wrapper.framework; includeInIndex = 0; path = Pods_TumblrTests.framework; sourceTree = BUILT_PRODUCTS_DIR; };
		D00837A455FD28835CAB1522 /* Pods-Tumblr.release.xcconfig */ = {isa = PBXFileReference; includeInIndex = 1; lastKnownFileType = text.xcconfig; name = "Pods-Tumblr.release.xcconfig"; path = "Pods/Target Support Files/Pods-Tumblr/Pods-Tumblr.release.xcconfig"; sourceTree = "<group>"; };
/* End PBXFileReference section */

/* Begin PBXFrameworksBuildPhase section */
		275733652112D0AF00C34EA3 /* Frameworks */ = {
			isa = PBXFrameworksBuildPhase;
			buildActionMask = 2147483647;
			files = (
				2D14A0F30D893E6ABEE925CF /* Pods_Tumblr.framework in Frameworks */,
			);
			runOnlyForDeploymentPostprocessing = 0;
		};
		275733792112D0B100C34EA3 /* Frameworks */ = {
			isa = PBXFrameworksBuildPhase;
			buildActionMask = 2147483647;
			files = (
				6DB75E2BABF955B119E996B3 /* Pods_TumblrTests.framework in Frameworks */,
			);
			runOnlyForDeploymentPostprocessing = 0;
		};
		275733842112D0B100C34EA3 /* Frameworks */ = {
			isa = PBXFrameworksBuildPhase;
			buildActionMask = 2147483647;
			files = (
				E9091F89A3EC9D8419977C6B /* Pods_TumblrUITests.framework in Frameworks */,
			);
			runOnlyForDeploymentPostprocessing = 0;
		};
/* End PBXFrameworksBuildPhase section */

/* Begin PBXGroup section */
		2757335F2112D0AF00C34EA3 = {
			isa = PBXGroup;
			children = (
				2757336A2112D0AF00C34EA3 /* Tumblr */,
				2757337F2112D0B100C34EA3 /* TumblrTests */,
				2757338A2112D0B100C34EA3 /* TumblrUITests */,
				275733692112D0AF00C34EA3 /* Products */,
				551DB7FB1950317C5EB55F5E /* Pods */,
				9F31FE479FAE6CC9DC1F1134 /* Frameworks */,
			);
			sourceTree = "<group>";
		};
		275733692112D0AF00C34EA3 /* Products */ = {
			isa = PBXGroup;
			children = (
				275733682112D0AF00C34EA3 /* Tumblr.app */,
				2757337C2112D0B100C34EA3 /* TumblrTests.xctest */,
				275733872112D0B100C34EA3 /* TumblrUITests.xctest */,
			);
			name = Products;
			sourceTree = "<group>";
		};
		2757336A2112D0AF00C34EA3 /* Tumblr */ = {
			isa = PBXGroup;
			children = (
				2757336B2112D0AF00C34EA3 /* AppDelegate.swift */,
				2757336D2112D0AF00C34EA3 /* ViewController.swift */,
				2757336F2112D0AF00C34EA3 /* Main.storyboard */,
				275733722112D0B100C34EA3 /* Assets.xcassets */,
				275733742112D0B100C34EA3 /* LaunchScreen.storyboard */,
				275733772112D0B100C34EA3 /* Info.plist */,
				275733992112F02600C34EA3 /* PosterCell.swift */,
				27761ACA2113F8190090F8D1 /* DetailsViewController.swift */,
			);
			path = Tumblr;
			sourceTree = "<group>";
		};
		2757337F2112D0B100C34EA3 /* TumblrTests */ = {
			isa = PBXGroup;
			children = (
				275733802112D0B100C34EA3 /* TumblrTests.swift */,
				275733822112D0B100C34EA3 /* Info.plist */,
			);
			path = TumblrTests;
			sourceTree = "<group>";
		};
		2757338A2112D0B100C34EA3 /* TumblrUITests */ = {
			isa = PBXGroup;
			children = (
				2757338B2112D0B100C34EA3 /* TumblrUITests.swift */,
				2757338D2112D0B100C34EA3 /* Info.plist */,
			);
			path = TumblrUITests;
			sourceTree = "<group>";
		};
		551DB7FB1950317C5EB55F5E /* Pods */ = {
			isa = PBXGroup;
			children = (
				062AAE959E7F60C28C7F0A1C /* Pods-Tumblr.debug.xcconfig */,
				D00837A455FD28835CAB1522 /* Pods-Tumblr.release.xcconfig */,
				2D354C83DC3B1E61485E770E /* Pods-TumblrTests.debug.xcconfig */,
				969ADE1292DDF365B1C9CF11 /* Pods-TumblrTests.release.xcconfig */,
				28204EB5EE56164048AD326F /* Pods-TumblrUITests.debug.xcconfig */,
				90777F56852219474740FF17 /* Pods-TumblrUITests.release.xcconfig */,
			);
			name = Pods;
			sourceTree = "<group>";
		};
		9F31FE479FAE6CC9DC1F1134 /* Frameworks */ = {
			isa = PBXGroup;
			children = (
				7CAFDEA07C690D4922079DE4 /* Pods_Tumblr.framework */,
				B33A15C5C8F076665409406F /* Pods_TumblrTests.framework */,
				7D0B74CED665D42BF241FFB6 /* Pods_TumblrUITests.framework */,
			);
			name = Frameworks;
			sourceTree = "<group>";
		};
/* End PBXGroup section */

/* Begin PBXNativeTarget section */
		275733672112D0AF00C34EA3 /* Tumblr */ = {
			isa = PBXNativeTarget;
			buildConfigurationList = 275733902112D0B100C34EA3 /* Build configuration list for PBXNativeTarget "Tumblr" */;
			buildPhases = (
				6AEE69A9CA3315FFE35A12BD /* [CP] Check Pods Manifest.lock */,
				275733642112D0AF00C34EA3 /* Sources */,
				275733652112D0AF00C34EA3 /* Frameworks */,
				275733662112D0AF00C34EA3 /* Resources */,
				819AC88FDB0C569717615D80 /* [CP] Embed Pods Frameworks */,
			);
			buildRules = (
			);
			dependencies = (
			);
			name = Tumblr;
			productName = Tumblr;
			productReference = 275733682112D0AF00C34EA3 /* Tumblr.app */;
			productType = "com.apple.product-type.application";
		};
		2757337B2112D0B100C34EA3 /* TumblrTests */ = {
			isa = PBXNativeTarget;
			buildConfigurationList = 275733932112D0B100C34EA3 /* Build configuration list for PBXNativeTarget "TumblrTests" */;
			buildPhases = (
				A9A5A016CC59529281D73885 /* [CP] Check Pods Manifest.lock */,
				275733782112D0B100C34EA3 /* Sources */,
				275733792112D0B100C34EA3 /* Frameworks */,
				2757337A2112D0B100C34EA3 /* Resources */,
			);
			buildRules = (
			);
			dependencies = (
				2757337E2112D0B100C34EA3 /* PBXTargetDependency */,
			);
			name = TumblrTests;
			productName = TumblrTests;
			productReference = 2757337C2112D0B100C34EA3 /* TumblrTests.xctest */;
			productType = "com.apple.product-type.bundle.unit-test";
		};
		275733862112D0B100C34EA3 /* TumblrUITests */ = {
			isa = PBXNativeTarget;
			buildConfigurationList = 275733962112D0B100C34EA3 /* Build configuration list for PBXNativeTarget "TumblrUITests" */;
			buildPhases = (
				348210797C8EF3DEC499B764 /* [CP] Check Pods Manifest.lock */,
				275733832112D0B100C34EA3 /* Sources */,
				275733842112D0B100C34EA3 /* Frameworks */,
				275733852112D0B100C34EA3 /* Resources */,
			);
			buildRules = (
			);
			dependencies = (
				275733892112D0B100C34EA3 /* PBXTargetDependency */,
			);
			name = TumblrUITests;
			productName = TumblrUITests;
			productReference = 275733872112D0B100C34EA3 /* TumblrUITests.xctest */;
			productType = "com.apple.product-type.bundle.ui-testing";
		};
/* End PBXNativeTarget section */

/* Begin PBXProject section */
		275733602112D0AF00C34EA3 /* Project object */ = {
			isa = PBXProject;
			attributes = {
				LastSwiftUpdateCheck = 0940;
				LastUpgradeCheck = 0940;
				ORGANIZATIONNAME = "Anirudh V";
				TargetAttributes = {
					275733672112D0AF00C34EA3 = {
						CreatedOnToolsVersion = 9.4.1;
					};
					2757337B2112D0B100C34EA3 = {
						CreatedOnToolsVersion = 9.4.1;
						TestTargetID = 275733672112D0AF00C34EA3;
					};
					275733862112D0B100C34EA3 = {
						CreatedOnToolsVersion = 9.4.1;
						TestTargetID = 275733672112D0AF00C34EA3;
					};
				};
			};
			buildConfigurationList = 275733632112D0AF00C34EA3 /* Build configuration list for PBXProject "Tumblr" */;
			compatibilityVersion = "Xcode 9.3";
			developmentRegion = en;
			hasScannedForEncodings = 0;
			knownRegions = (
				en,
				Base,
			);
			mainGroup = 2757335F2112D0AF00C34EA3;
			productRefGroup = 275733692112D0AF00C34EA3 /* Products */;
			projectDirPath = "";
			projectRoot = "";
			targets = (
				275733672112D0AF00C34EA3 /* Tumblr */,
				2757337B2112D0B100C34EA3 /* TumblrTests */,
				275733862112D0B100C34EA3 /* TumblrUITests */,
			);
		};
/* End PBXProject section */

/* Begin PBXResourcesBuildPhase section */
		275733662112D0AF00C34EA3 /* Resources */ = {
			isa = PBXResourcesBuildPhase;
			buildActionMask = 2147483647;
			files = (
				275733762112D0B100C34EA3 /* LaunchScreen.storyboard in Resources */,
				275733732112D0B100C34EA3 /* Assets.xcassets in Resources */,
				275733712112D0AF00C34EA3 /* Main.storyboard in Resources */,
			);
			runOnlyForDeploymentPostprocessing = 0;
		};
		2757337A2112D0B100C34EA3 /* Resources */ = {
			isa = PBXResourcesBuildPhase;
			buildActionMask = 2147483647;
			files = (
			);
			runOnlyForDeploymentPostprocessing = 0;
		};
		275733852112D0B100C34EA3 /* Resources */ = {
			isa = PBXResourcesBuildPhase;
			buildActionMask = 2147483647;
			files = (
			);
			runOnlyForDeploymentPostprocessing = 0;
		};
/* End PBXResourcesBuildPhase section */

/* Begin PBXShellScriptBuildPhase section */
		348210797C8EF3DEC499B764 /* [CP] Check Pods Manifest.lock */ = {
			isa = PBXShellScriptBuildPhase;
			buildActionMask = 2147483647;
			files = (
			);
			inputPaths = (
				"${PODS_PODFILE_DIR_PATH}/Podfile.lock",
				"${PODS_ROOT}/Manifest.lock",
			);
			name = "[CP] Check Pods Manifest.lock";
			outputPaths = (
				"$(DERIVED_FILE_DIR)/Pods-TumblrUITests-checkManifestLockResult.txt",
			);
			runOnlyForDeploymentPostprocessing = 0;
			shellPath = /bin/sh;
			shellScript = "diff \"${PODS_PODFILE_DIR_PATH}/Podfile.lock\" \"${PODS_ROOT}/Manifest.lock\" > /dev/null\nif [ $? != 0 ] ; then\n    # print error to STDERR\n    echo \"error: The sandbox is not in sync with the Podfile.lock. Run 'pod install' or update your CocoaPods installation.\" >&2\n    exit 1\nfi\n# This output is used by Xcode 'outputs' to avoid re-running this script phase.\necho \"SUCCESS\" > \"${SCRIPT_OUTPUT_FILE_0}\"\n";
			showEnvVarsInLog = 0;
		};
		6AEE69A9CA3315FFE35A12BD /* [CP] Check Pods Manifest.lock */ = {
			isa = PBXShellScriptBuildPhase;
			buildActionMask = 2147483647;
			files = (
			);
			inputPaths = (
				"${PODS_PODFILE_DIR_PATH}/Podfile.lock",
				"${PODS_ROOT}/Manifest.lock",
			);
			name = "[CP] Check Pods Manifest.lock";
			outputPaths = (
				"$(DERIVED_FILE_DIR)/Pods-Tumblr-checkManifestLockResult.txt",
			);
			runOnlyForDeploymentPostprocessing = 0;
			shellPath = /bin/sh;
			shellScript = "diff \"${PODS_PODFILE_DIR_PATH}/Podfile.lock\" \"${PODS_ROOT}/Manifest.lock\" > /dev/null\nif [ $? != 0 ] ; then\n    # print error to STDERR\n    echo \"error: The sandbox is not in sync with the Podfile.lock. Run 'pod install' or update your CocoaPods installation.\" >&2\n    exit 1\nfi\n# This output is used by Xcode 'outputs' to avoid re-running this script phase.\necho \"SUCCESS\" > \"${SCRIPT_OUTPUT_FILE_0}\"\n";
			showEnvVarsInLog = 0;
		};
		819AC88FDB0C569717615D80 /* [CP] Embed Pods Frameworks */ = {
			isa = PBXShellScriptBuildPhase;
			buildActionMask = 2147483647;
			files = (
			);
			inputPaths = (
				"${SRCROOT}/Pods/Target Support Files/Pods-Tumblr/Pods-Tumblr-frameworks.sh",
				"${BUILT_PRODUCTS_DIR}/Alamofire/Alamofire.framework",
				"${BUILT_PRODUCTS_DIR}/AlamofireImage/AlamofireImage.framework",
			);
			name = "[CP] Embed Pods Frameworks";
			outputPaths = (
				"${TARGET_BUILD_DIR}/${FRAMEWORKS_FOLDER_PATH}/Alamofire.framework",
				"${TARGET_BUILD_DIR}/${FRAMEWORKS_FOLDER_PATH}/AlamofireImage.framework",
			);
			runOnlyForDeploymentPostprocessing = 0;
			shellPath = /bin/sh;
			shellScript = "\"${SRCROOT}/Pods/Target Support Files/Pods-Tumblr/Pods-Tumblr-frameworks.sh\"\n";
			showEnvVarsInLog = 0;
		};
		A9A5A016CC59529281D73885 /* [CP] Check Pods Manifest.lock */ = {
			isa = PBXShellScriptBuildPhase;
			buildActionMask = 2147483647;
			files = (
			);
			inputPaths = (
				"${PODS_PODFILE_DIR_PATH}/Podfile.lock",
				"${PODS_ROOT}/Manifest.lock",
			);
			name = "[CP] Check Pods Manifest.lock";
			outputPaths = (
				"$(DERIVED_FILE_DIR)/Pods-TumblrTests-checkManifestLockResult.txt",
			);
			runOnlyForDeploymentPostprocessing = 0;
			shellPath = /bin/sh;
			shellScript = "diff \"${PODS_PODFILE_DIR_PATH}/Podfile.lock\" \"${PODS_ROOT}/Manifest.lock\" > /dev/null\nif [ $? != 0 ] ; then\n    # print error to STDERR\n    echo \"error: The sandbox is not in sync with the Podfile.lock. Run 'pod install' or update your CocoaPods installation.\" >&2\n    exit 1\nfi\n# This output is used by Xcode 'outputs' to avoid re-running this script phase.\necho \"SUCCESS\" > \"${SCRIPT_OUTPUT_FILE_0}\"\n";
			showEnvVarsInLog = 0;
		};
/* End PBXShellScriptBuildPhase section */

/* Begin PBXSourcesBuildPhase section */
		275733642112D0AF00C34EA3 /* Sources */ = {
			isa = PBXSourcesBuildPhase;
			buildActionMask = 2147483647;
			files = (
				2757336E2112D0AF00C34EA3 /* ViewController.swift in Sources */,
				2757336C2112D0AF00C34EA3 /* AppDelegate.swift in Sources */,
				2757339A2112F02600C34EA3 /* PosterCell.swift in Sources */,
				27761ACB2113F8190090F8D1 /* DetailsViewController.swift in Sources */,
			);
			runOnlyForDeploymentPostprocessing = 0;
		};
		275733782112D0B100C34EA3 /* Sources */ = {
			isa = PBXSourcesBuildPhase;
			buildActionMask = 2147483647;
			files = (
				275733812112D0B100C34EA3 /* TumblrTests.swift in Sources */,
			);
			runOnlyForDeploymentPostprocessing = 0;
		};
		275733832112D0B100C34EA3 /* Sources */ = {
			isa = PBXSourcesBuildPhase;
			buildActionMask = 2147483647;
			files = (
				2757338C2112D0B100C34EA3 /* TumblrUITests.swift in Sources */,
			);
			runOnlyForDeploymentPostprocessing = 0;
		};
/* End PBXSourcesBuildPhase section */

/* Begin PBXTargetDependency section */
		2757337E2112D0B100C34EA3 /* PBXTargetDependency */ = {
			isa = PBXTargetDependency;
			target = 275733672112D0AF00C34EA3 /* Tumblr */;
			targetProxy = 2757337D2112D0B100C34EA3 /* PBXContainerItemProxy */;
		};
		275733892112D0B100C34EA3 /* PBXTargetDependency */ = {
			isa = PBXTargetDependency;
			target = 275733672112D0AF00C34EA3 /* Tumblr */;
			targetProxy = 275733882112D0B100C34EA3 /* PBXContainerItemProxy */;
		};
/* End PBXTargetDependency section */

/* Begin PBXVariantGroup section */
		2757336F2112D0AF00C34EA3 /* Main.storyboard */ = {
			isa = PBXVariantGroup;
			children = (
				275733702112D0AF00C34EA3 /* Base */,
			);
			name = Main.storyboard;
			sourceTree = "<group>";
		};
		275733742112D0B100C34EA3 /* LaunchScreen.storyboard */ = {
			isa = PBXVariantGroup;
			children = (
				275733752112D0B100C34EA3 /* Base */,
			);
			name = LaunchScreen.storyboard;
			sourceTree = "<group>";
		};
/* End PBXVariantGroup section */

/* Begin XCBuildConfiguration section */
		2757338E2112D0B100C34EA3 /* Debug */ = {
			isa = XCBuildConfiguration;
			buildSettings = {
				ALWAYS_SEARCH_USER_PATHS = NO;
				CLANG_ANALYZER_NONNULL = YES;
				CLANG_ANALYZER_NUMBER_OBJECT_CONVERSION = YES_AGGRESSIVE;
				CLANG_CXX_LANGUAGE_STANDARD = "gnu++14";
				CLANG_CXX_LIBRARY = "libc++";
				CLANG_ENABLE_MODULES = YES;
				CLANG_ENABLE_OBJC_ARC = YES;
				CLANG_ENABLE_OBJC_WEAK = YES;
				CLANG_WARN_BLOCK_CAPTURE_AUTORELEASING = YES;
				CLANG_WARN_BOOL_CONVERSION = YES;
				CLANG_WARN_COMMA = YES;
				CLANG_WARN_CONSTANT_CONVERSION = YES;
				CLANG_WARN_DEPRECATED_OBJC_IMPLEMENTATIONS = YES;
				CLANG_WARN_DIRECT_OBJC_ISA_USAGE = YES_ERROR;
				CLANG_WARN_DOCUMENTATION_COMMENTS = YES;
				CLANG_WARN_EMPTY_BODY = YES;
				CLANG_WARN_ENUM_CONVERSION = YES;
				CLANG_WARN_INFINITE_RECURSION = YES;
				CLANG_WARN_INT_CONVERSION = YES;
				CLANG_WARN_NON_LITERAL_NULL_CONVERSION = YES;
				CLANG_WARN_OBJC_IMPLICIT_RETAIN_SELF = YES;
				CLANG_WARN_OBJC_LITERAL_CONVERSION = YES;
				CLANG_WARN_OBJC_ROOT_CLASS = YES_ERROR;
				CLANG_WARN_RANGE_LOOP_ANALYSIS = YES;
				CLANG_WARN_STRICT_PROTOTYPES = YES;
				CLANG_WARN_SUSPICIOUS_MOVE = YES;
				CLANG_WARN_UNGUARDED_AVAILABILITY = YES_AGGRESSIVE;
				CLANG_WARN_UNREACHABLE_CODE = YES;
				CLANG_WARN__DUPLICATE_METHOD_MATCH = YES;
				CODE_SIGN_IDENTITY = "iPhone Developer";
				COPY_PHASE_STRIP = NO;
				DEBUG_INFORMATION_FORMAT = dwarf;
				ENABLE_STRICT_OBJC_MSGSEND = YES;
				ENABLE_TESTABILITY = YES;
				GCC_C_LANGUAGE_STANDARD = gnu11;
				GCC_DYNAMIC_NO_PIC = NO;
				GCC_NO_COMMON_BLOCKS = YES;
				GCC_OPTIMIZATION_LEVEL = 0;
				GCC_PREPROCESSOR_DEFINITIONS = (
					"DEBUG=1",
					"$(inherited)",
				);
				GCC_WARN_64_TO_32_BIT_CONVERSION = YES;
				GCC_WARN_ABOUT_RETURN_TYPE = YES_ERROR;
				GCC_WARN_UNDECLARED_SELECTOR = YES;
				GCC_WARN_UNINITIALIZED_AUTOS = YES_AGGRESSIVE;
				GCC_WARN_UNUSED_FUNCTION = YES;
				GCC_WARN_UNUSED_VARIABLE = YES;
				IPHONEOS_DEPLOYMENT_TARGET = 11.4;
				MTL_ENABLE_DEBUG_INFO = YES;
				ONLY_ACTIVE_ARCH = YES;
				SDKROOT = iphoneos;
				SWIFT_ACTIVE_COMPILATION_CONDITIONS = DEBUG;
				SWIFT_OPTIMIZATION_LEVEL = "-Onone";
			};
			name = Debug;
		};
		2757338F2112D0B100C34EA3 /* Release */ = {
			isa = XCBuildConfiguration;
			buildSettings = {
				ALWAYS_SEARCH_USER_PATHS = NO;
				CLANG_ANALYZER_NONNULL = YES;
				CLANG_ANALYZER_NUMBER_OBJECT_CONVERSION = YES_AGGRESSIVE;
				CLANG_CXX_LANGUAGE_STANDARD = "gnu++14";
				CLANG_CXX_LIBRARY = "libc++";
				CLANG_ENABLE_MODULES = YES;
				CLANG_ENABLE_OBJC_ARC = YES;
				CLANG_ENABLE_OBJC_WEAK = YES;
				CLANG_WARN_BLOCK_CAPTURE_AUTORELEASING = YES;
				CLANG_WARN_BOOL_CONVERSION = YES;
				CLANG_WARN_COMMA = YES;
				CLANG_WARN_CONSTANT_CONVERSION = YES;
				CLANG_WARN_DEPRECATED_OBJC_IMPLEMENTATIONS = YES;
				CLANG_WARN_DIRECT_OBJC_ISA_USAGE = YES_ERROR;
				CLANG_WARN_DOCUMENTATION_COMMENTS = YES;
				CLANG_WARN_EMPTY_BODY = YES;
				CLANG_WARN_ENUM_CONVERSION = YES;
				CLANG_WARN_INFINITE_RECURSION = YES;
				CLANG_WARN_INT_CONVERSION = YES;
				CLANG_WARN_NON_LITERAL_NULL_CONVERSION = YES;
				CLANG_WARN_OBJC_IMPLICIT_RETAIN_SELF = YES;
				CLANG_WARN_OBJC_LITERAL_CONVERSION = YES;
				CLANG_WARN_OBJC_ROOT_CLASS = YES_ERROR;
				CLANG_WARN_RANGE_LOOP_ANALYSIS = YES;
				CLANG_WARN_STRICT_PROTOTYPES = YES;
				CLANG_WARN_SUSPICIOUS_MOVE = YES;
				CLANG_WARN_UNGUARDED_AVAILABILITY = YES_AGGRESSIVE;
				CLANG_WARN_UNREACHABLE_CODE = YES;
				CLANG_WARN__DUPLICATE_METHOD_MATCH = YES;
				CODE_SIGN_IDENTITY = "iPhone Developer";
				COPY_PHASE_STRIP = NO;
				DEBUG_INFORMATION_FORMAT = "dwarf-with-dsym";
				ENABLE_NS_ASSERTIONS = NO;
				ENABLE_STRICT_OBJC_MSGSEND = YES;
				GCC_C_LANGUAGE_STANDARD = gnu11;
				GCC_NO_COMMON_BLOCKS = YES;
				GCC_WARN_64_TO_32_BIT_CONVERSION = YES;
				GCC_WARN_ABOUT_RETURN_TYPE = YES_ERROR;
				GCC_WARN_UNDECLARED_SELECTOR = YES;
				GCC_WARN_UNINITIALIZED_AUTOS = YES_AGGRESSIVE;
				GCC_WARN_UNUSED_FUNCTION = YES;
				GCC_WARN_UNUSED_VARIABLE = YES;
				IPHONEOS_DEPLOYMENT_TARGET = 11.4;
				MTL_ENABLE_DEBUG_INFO = NO;
				SDKROOT = iphoneos;
				SWIFT_COMPILATION_MODE = wholemodule;
				SWIFT_OPTIMIZATION_LEVEL = "-O";
				VALIDATE_PRODUCT = YES;
			};
			name = Release;
		};
		275733912112D0B100C34EA3 /* Debug */ = {
			isa = XCBuildConfiguration;
			baseConfigurationReference = 062AAE959E7F60C28C7F0A1C /* Pods-Tumblr.debug.xcconfig */;
			buildSettings = {
				ASSETCATALOG_COMPILER_APPICON_NAME = AppIcon;
				CODE_SIGN_STYLE = Automatic;
				DEVELOPMENT_TEAM = 5U993M676X;
				INFOPLIST_FILE = Tumblr/Info.plist;
				LD_RUNPATH_SEARCH_PATHS = (
					"$(inherited)",
					"@executable_path/Frameworks",
				);
				PRODUCT_BUNDLE_IDENTIFIER = com.anirrudh.obj.Tumblr;
				PRODUCT_NAME = "$(TARGET_NAME)";
				SWIFT_VERSION = 4.0;
				TARGETED_DEVICE_FAMILY = "1,2";
			};
			name = Debug;
		};
		275733922112D0B100C34EA3 /* Release */ = {
			isa = XCBuildConfiguration;
			baseConfigurationReference = D00837A455FD28835CAB1522 /* Pods-Tumblr.release.xcconfig */;
			buildSettings = {
				ASSETCATALOG_COMPILER_APPICON_NAME = AppIcon;
				CODE_SIGN_STYLE = Automatic;
				DEVELOPMENT_TEAM = 5U993M676X;
				INFOPLIST_FILE = Tumblr/Info.plist;
				LD_RUNPATH_SEARCH_PATHS = (
					"$(inherited)",
					"@executable_path/Frameworks",
				);
				PRODUCT_BUNDLE_IDENTIFIER = com.anirrudh.obj.Tumblr;
				PRODUCT_NAME = "$(TARGET_NAME)";
				SWIFT_VERSION = 4.0;
				TARGETED_DEVICE_FAMILY = "1,2";
			};
			name = Release;
		};
		275733942112D0B100C34EA3 /* Debug */ = {
			isa = XCBuildConfiguration;
			baseConfigurationReference = 2D354C83DC3B1E61485E770E /* Pods-TumblrTests.debug.xcconfig */;
			buildSettings = {
				ALWAYS_EMBED_SWIFT_STANDARD_LIBRARIES = YES;
				BUNDLE_LOADER = "$(TEST_HOST)";
				CODE_SIGN_STYLE = Automatic;
				DEVELOPMENT_TEAM = 5U993M676X;
				INFOPLIST_FILE = TumblrTests/Info.plist;
				LD_RUNPATH_SEARCH_PATHS = (
					"$(inherited)",
					"@executable_path/Frameworks",
					"@loader_path/Frameworks",
				);
				PRODUCT_BUNDLE_IDENTIFIER = com.anirrudh.obj.TumblrTests;
				PRODUCT_NAME = "$(TARGET_NAME)";
				SWIFT_VERSION = 4.0;
				TARGETED_DEVICE_FAMILY = "1,2";
				TEST_HOST = "$(BUILT_PRODUCTS_DIR)/Tumblr.app/Tumblr";
			};
			name = Debug;
		};
		275733952112D0B100C34EA3 /* Release */ = {
			isa = XCBuildConfiguration;
			baseConfigurationReference = 969ADE1292DDF365B1C9CF11 /* Pods-TumblrTests.release.xcconfig */;
			buildSettings = {
				ALWAYS_EMBED_SWIFT_STANDARD_LIBRARIES = YES;
				BUNDLE_LOADER = "$(TEST_HOST)";
				CODE_SIGN_STYLE = Automatic;
				DEVELOPMENT_TEAM = 5U993M676X;
				INFOPLIST_FILE = TumblrTests/Info.plist;
				LD_RUNPATH_SEARCH_PATHS = (
					"$(inherited)",
					"@executable_path/Frameworks",
					"@loader_path/Frameworks",
				);
				PRODUCT_BUNDLE_IDENTIFIER = com.anirrudh.obj.TumblrTests;
				PRODUCT_NAME = "$(TARGET_NAME)";
				SWIFT_VERSION = 4.0;
				TARGETED_DEVICE_FAMILY = "1,2";
				TEST_HOST = "$(BUILT_PRODUCTS_DIR)/Tumblr.app/Tumblr";
			};
			name = Release;
		};
		275733972112D0B100C34EA3 /* Debug */ = {
			isa = XCBuildConfiguration;
			baseConfigurationReference = 28204EB5EE56164048AD326F /* Pods-TumblrUITests.debug.xcconfig */;
			buildSettings = {
				ALWAYS_EMBED_SWIFT_STANDARD_LIBRARIES = YES;
				CODE_SIGN_STYLE = Automatic;
				DEVELOPMENT_TEAM = 5U993M676X;
				INFOPLIST_FILE = TumblrUITests/Info.plist;
				LD_RUNPATH_SEARCH_PATHS = (
					"$(inherited)",
					"@executable_path/Frameworks",
					"@loader_path/Frameworks",
				);
				PRODUCT_BUNDLE_IDENTIFIER = com.anirrudh.obj.TumblrUITests;
				PRODUCT_NAME = "$(TARGET_NAME)";
				SWIFT_VERSION = 4.0;
				TARGETED_DEVICE_FAMILY = "1,2";
				TEST_TARGET_NAME = Tumblr;
			};
			name = Debug;
		};
		275733982112D0B100C34EA3 /* Release */ = {
			isa = XCBuildConfiguration;
			baseConfigurationReference = 90777F56852219474740FF17 /* Pods-TumblrUITests.release.xcconfig */;
			buildSettings = {
				ALWAYS_EMBED_SWIFT_STANDARD_LIBRARIES = YES;
				CODE_SIGN_STYLE = Automatic;
				DEVELOPMENT_TEAM = 5U993M676X;
				INFOPLIST_FILE = TumblrUITests/Info.plist;
				LD_RUNPATH_SEARCH_PATHS = (
					"$(inherited)",
					"@executable_path/Frameworks",
					"@loader_path/Frameworks",
				);
				PRODUCT_BUNDLE_IDENTIFIER = com.anirrudh.obj.TumblrUITests;
				PRODUCT_NAME = "$(TARGET_NAME)";
				SWIFT_VERSION = 4.0;
				TARGETED_DEVICE_FAMILY = "1,2";
				TEST_TARGET_NAME = Tumblr;
			};
			name = Release;
		};
/* End XCBuildConfiguration section */

/* Begin XCConfigurationList section */
		275733632112D0AF00C34EA3 /* Build configuration list for PBXProject "Tumblr" */ = {
			isa = XCConfigurationList;
			buildConfigurations = (
				2757338E2112D0B100C34EA3 /* Debug */,
				2757338F2112D0B100C34EA3 /* Release */,
			);
			defaultConfigurationIsVisible = 0;
			defaultConfigurationName = Release;
		};
		275733902112D0B100C34EA3 /* Build configuration list for PBXNativeTarget "Tumblr" */ = {
			isa = XCConfigurationList;
			buildConfigurations = (
				275733912112D0B100C34EA3 /* Debug */,
				275733922112D0B100C34EA3 /* Release */,
			);
			defaultConfigurationIsVisible = 0;
			defaultConfigurationName = Release;
		};
		275733932112D0B100C34EA3 /* Build configuration list for PBXNativeTarget "TumblrTests" */ = {
			isa = XCConfigurationList;
			buildConfigurations = (
				275733942112D0B100C34EA3 /* Debug */,
				275733952112D0B100C34EA3 /* Release */,
			);
			defaultConfigurationIsVisible = 0;
			defaultConfigurationName = Release;
		};
		275733962112D0B100C34EA3 /* Build configuration list for PBXNativeTarget "TumblrUITests" */ = {
			isa = XCConfigurationList;
			buildConfigurations = (
				275733972112D0B100C34EA3 /* Debug */,
				275733982112D0B100C34EA3 /* Release */,
			);
			defaultConfigurationIsVisible = 0;
			defaultConfigurationName = Release;
		};
/* End XCConfigurationList section */
	};
	rootObject = 275733602112D0AF00C34EA3 /* Project object */;
}
